
Microsoft Visual Studio Solution File, Format Version 12.00
# Visual Studio Version 17
VisualStudioVersion = 17.7.34221.43
MinimumVisualStudioVersion = 10.0.40219.1
Project("{FAE04EC0-301F-11D3-BF4B-00C04F79EFBC}") = "StudentExporterApi", "StudentExporterApi\StudentExporterApi.csproj", "{7E9BA246-FB96-42D2-939B-1FC2494B2346}"
EndProject
Global
	GlobalSection(SolutionConfigurationPlatforms) = preSolution
		Debug|Any CPU = Debug|Any CPU
		Release|Any CPU = Release|Any CPU
	EndGlobalSection
	GlobalSection(ProjectConfigurationPlatforms) = postSolution
		{7E9BA246-FB96-42D2-939B-1FC2494B2346}.Debug|Any CPU.ActiveCfg = Debug|Any CPU
		{7E9BA246-FB96-42D2-939B-1FC2494B2346}.Debug|Any CPU.Build.0 = Debug|Any CPU
		{7E9BA246-FB96-42D2-939B-1FC2494B2346}.Release|Any CPU.ActiveCfg = Release|Any CPU
		{7E9BA246-FB96-42D2-939B-1FC2494B2346}.Release|Any CPU.Build.0 = Release|Any CPU
	EndGlobalSection
	GlobalSection(SolutionProperties) = preSolution
		HideSolutionNode = FALSE
	EndGlobalSection
	GlobalSection(ExtensibilityGlobals) = postSolution
		SolutionGuid = {D45FBF8E-68EE-4B5B-856E-2DA8CCC4B746}
	EndGlobalSection
EndGlobal
